
Microsoft Visual Studio Solution File, Format Version 12.00
# Visual Studio Version 17
VisualStudioVersion = 17.9.34728.123
MinimumVisualStudioVersion = 10.0.40219.1
Project("{9A19103F-16F7-4668-BE54-9A1E7A4F7556}") = "AppForm", "Form\AppForm.csproj", "{E827F702-0B4D-40B7-9670-4B3A60A39CE0}"
	ProjectSection(ProjectDependencies) = postProject
		{8CB39430-C805-4B94-84F2-15F556C5AE20} = {8CB39430-C805-4B94-84F2-15F556C5AE20}
	EndProjectSection
EndProject
Project("{8BC9CEB8-8B4A-11D0-8D11-00A0C91BC942}") = "Core", "Core\Core.vcxproj", "{8D3C1871-82EE-45C0-A846-06F86F88FAD2}"
EndProject
Project("{8BC9CEB8-8B4A-11D0-8D11-00A0C91BC942}") = "Bridge", "Bridge\Bridge.vcxproj", "{8CB39430-C805-4B94-84F2-15F556C5AE20}"
	ProjectSection(ProjectDependencies) = postProject
		{8D3C1871-82EE-45C0-A846-06F86F88FAD2} = {8D3C1871-82EE-45C0-A846-06F86F88FAD2}
	EndProjectSection
EndProject
Global
	GlobalSection(SolutionConfigurationPlatforms) = preSolution
		Debug|Any CPU = Debug|Any CPU
		Debug|x64 = Debug|x64
		Debug|x86 = Debug|x86
		Release|Any CPU = Release|Any CPU
		Release|x64 = Release|x64
		Release|x86 = Release|x86
	EndGlobalSection
	GlobalSection(ProjectConfigurationPlatforms) = postSolution
		{E827F702-0B4D-40B7-9670-4B3A60A39CE0}.Debug|Any CPU.ActiveCfg = Debug|Any CPU
		{E827F702-0B4D-40B7-9670-4B3A60A39CE0}.Debug|Any CPU.Build.0 = Debug|Any CPU
		{E827F702-0B4D-40B7-9670-4B3A60A39CE0}.Debug|x64.ActiveCfg = Debug|Any CPU
		{E827F702-0B4D-40B7-9670-4B3A60A39CE0}.Debug|x64.Build.0 = Debug|Any CPU
		{E827F702-0B4D-40B7-9670-4B3A60A39CE0}.Debug|x86.ActiveCfg = Debug|Any CPU
		{E827F702-0B4D-40B7-9670-4B3A60A39CE0}.Debug|x86.Build.0 = Debug|Any CPU
		{E827F702-0B4D-40B7-9670-4B3A60A39CE0}.Release|Any CPU.ActiveCfg = Release|Any CPU
		{E827F702-0B4D-40B7-9670-4B3A60A39CE0}.Release|Any CPU.Build.0 = Release|Any CPU
		{E827F702-0B4D-40B7-9670-4B3A60A39CE0}.Release|x64.ActiveCfg = Release|Any CPU
		{E827F702-0B4D-40B7-9670-4B3A60A39CE0}.Release|x64.Build.0 = Release|Any CPU
		{E827F702-0B4D-40B7-9670-4B3A60A39CE0}.Release|x86.ActiveCfg = Release|Any CPU
		{E827F702-0B4D-40B7-9670-4B3A60A39CE0}.Release|x86.Build.0 = Release|Any CPU
		{8D3C1871-82EE-45C0-A846-06F86F88FAD2}.Debug|Any CPU.ActiveCfg = Debug|x64
		{8D3C1871-82EE-45C0-A846-06F86F88FAD2}.Debug|Any CPU.Build.0 = Debug|x64
		{8D3C1871-82EE-45C0-A846-06F86F88FAD2}.Debug|x64.ActiveCfg = Debug|x64
		{8D3C1871-82EE-45C0-A846-06F86F88FAD2}.Debug|x64.Build.0 = Debug|x64
		{8D3C1871-82EE-45C0-A846-06F86F88FAD2}.Debug|x86.ActiveCfg = Debug|Win32
		{8D3C1871-82EE-45C0-A846-06F86F88FAD2}.Debug|x86.Build.0 = Debug|Win32
		{8D3C1871-82EE-45C0-A846-06F86F88FAD2}.Release|Any CPU.ActiveCfg = Release|x64
		{8D3C1871-82EE-45C0-A846-06F86F88FAD2}.Release|Any CPU.Build.0 = Release|x64
		{8D3C1871-82EE-45C0-A846-06F86F88FAD2}.Release|x64.ActiveCfg = Release|x64
		{8D3C1871-82EE-45C0-A846-06F86F88FAD2}.Release|x64.Build.0 = Release|x64
		{8D3C1871-82EE-45C0-A846-06F86F88FAD2}.Release|x86.ActiveCfg = Release|Win32
		{8D3C1871-82EE-45C0-A846-06F86F88FAD2}.Release|x86.Build.0 = Release|Win32
		{8CB39430-C805-4B94-84F2-15F556C5AE20}.Debug|Any CPU.ActiveCfg = Debug|x64
		{8CB39430-C805-4B94-84F2-15F556C5AE20}.Debug|Any CPU.Build.0 = Debug|x64
		{8CB39430-C805-4B94-84F2-15F556C5AE20}.Debug|x64.ActiveCfg = Debug|x64
		{8CB39430-C805-4B94-84F2-15F556C5AE20}.Debug|x64.Build.0 = Debug|x64
		{8CB39430-C805-4B94-84F2-15F556C5AE20}.Debug|x86.ActiveCfg = Debug|Win32
		{8CB39430-C805-4B94-84F2-15F556C5AE20}.Debug|x86.Build.0 = Debug|Win32
		{8CB39430-C805-4B94-84F2-15F556C5AE20}.Release|Any CPU.ActiveCfg = Release|x64
		{8CB39430-C805-4B94-84F2-15F556C5AE20}.Release|Any CPU.Build.0 = Release|x64
		{8CB39430-C805-4B94-84F2-15F556C5AE20}.Release|x64.ActiveCfg = Release|x64
		{8CB39430-C805-4B94-84F2-15F556C5AE20}.Release|x64.Build.0 = Release|x64
		{8CB39430-C805-4B94-84F2-15F556C5AE20}.Release|x86.ActiveCfg = Release|Win32
		{8CB39430-C805-4B94-84F2-15F556C5AE20}.Release|x86.Build.0 = Release|Win32
	EndGlobalSection
	GlobalSection(SolutionProperties) = preSolution
		HideSolutionNode = FALSE
	EndGlobalSection
	GlobalSection(ExtensibilityGlobals) = postSolution
		SolutionGuid = {90E02D3E-C346-463E-BC37-F68B54C96E0D}
	EndGlobalSection
EndGlobal
